// !$*UTF8*$!
{
	archiveVersion = 1;
	classes = {
	};
	objectVersion = 56;
	objects = {

/* Begin PBXBuildFile section */
		DAA22F5A2AC2C505003D5347 /* MarvelSwiftUIApp.swift in Sources */ = {isa = PBXBuildFile; fileRef = DAA22F592AC2C505003D5347 /* MarvelSwiftUIApp.swift */; };
		DAA22F5C2AC2C505003D5347 /* FeedView.swift in Sources */ = {isa = PBXBuildFile; fileRef = DAA22F5B2AC2C505003D5347 /* FeedView.swift */; };
		DAA22F5E2AC2C507003D5347 /* Assets.xcassets in Resources */ = {isa = PBXBuildFile; fileRef = DAA22F5D2AC2C507003D5347 /* Assets.xcassets */; };
		DAA22F612AC2C507003D5347 /* Preview Assets.xcassets in Resources */ = {isa = PBXBuildFile; fileRef = DAA22F602AC2C507003D5347 /* Preview Assets.xcassets */; };
		DAA22F682AC2C542003D5347 /* FeedViewModel.swift in Sources */ = {isa = PBXBuildFile; fileRef = DAA22F672AC2C542003D5347 /* FeedViewModel.swift */; };
		DAA22F6A2AC2C54C003D5347 /* Model.swift in Sources */ = {isa = PBXBuildFile; fileRef = DAA22F692AC2C54C003D5347 /* Model.swift */; };
		DAA22F712AC2D69F003D5347 /* Kingfisher in Frameworks */ = {isa = PBXBuildFile; productRef = DAA22F702AC2D69F003D5347 /* Kingfisher */; };
		DAA22F742AC2D75C003D5347 /* Alamofire in Frameworks */ = {isa = PBXBuildFile; productRef = DAA22F732AC2D75C003D5347 /* Alamofire */; };
		DAA22F782AC2DEFA003D5347 /* Const.swift in Sources */ = {isa = PBXBuildFile; fileRef = DAA22F772AC2DEFA003D5347 /* Const.swift */; };
		DAA22F7A2AC2E281003D5347 /* Extensions.swift in Sources */ = {isa = PBXBuildFile; fileRef = DAA22F792AC2E281003D5347 /* Extensions.swift */; };
		DAA22F7E2AC30370003D5347 /* FeedCell.swift in Sources */ = {isa = PBXBuildFile; fileRef = DAA22F7D2AC30370003D5347 /* FeedCell.swift */; };
		DAA22F822AC319A6003D5347 /* SearchBar.swift in Sources */ = {isa = PBXBuildFile; fileRef = DAA22F812AC319A6003D5347 /* SearchBar.swift */; };
		DAA22F862AC324DA003D5347 /* CharacterPageView.swift in Sources */ = {isa = PBXBuildFile; fileRef = DAA22F852AC324DA003D5347 /* CharacterPageView.swift */; };
		DADC7A092AC45ABB00A1C45B /* NetworkMonitor.swift in Sources */ = {isa = PBXBuildFile; fileRef = DADC7A082AC45ABB00A1C45B /* NetworkMonitor.swift */; };
/* End PBXBuildFile section */

/* Begin PBXFileReference section */
		DAA22F562AC2C505003D5347 /* MarvelSwiftUI.app */ = {isa = PBXFileReference; explicitFileType = wrapper.application; includeInIndex = 0; path = MarvelSwiftUI.app; sourceTree = BUILT_PRODUCTS_DIR; };
		DAA22F592AC2C505003D5347 /* MarvelSwiftUIApp.swift */ = {isa = PBXFileReference; lastKnownFileType = sourcecode.swift; path = MarvelSwiftUIApp.swift; sourceTree = "<group>"; };
		DAA22F5B2AC2C505003D5347 /* FeedView.swift */ = {isa = PBXFileReference; lastKnownFileType = sourcecode.swift; path = FeedView.swift; sourceTree = "<group>"; };
		DAA22F5D2AC2C507003D5347 /* Assets.xcassets */ = {isa = PBXFileReference; lastKnownFileType = folder.assetcatalog; path = Assets.xcassets; sourceTree = "<group>"; };
		DAA22F602AC2C507003D5347 /* Preview Assets.xcassets */ = {isa = PBXFileReference; lastKnownFileType = folder.assetcatalog; path = "Preview Assets.xcassets"; sourceTree = "<group>"; };
		DAA22F672AC2C542003D5347 /* FeedViewModel.swift */ = {isa = PBXFileReference; lastKnownFileType = sourcecode.swift; path = FeedViewModel.swift; sourceTree = "<group>"; };
		DAA22F692AC2C54C003D5347 /* Model.swift */ = {isa = PBXFileReference; lastKnownFileType = sourcecode.swift; path = Model.swift; sourceTree = "<group>"; };
		DAA22F772AC2DEFA003D5347 /* Const.swift */ = {isa = PBXFileReference; lastKnownFileType = sourcecode.swift; path = Const.swift; sourceTree = "<group>"; };
		DAA22F792AC2E281003D5347 /* Extensions.swift */ = {isa = PBXFileReference; lastKnownFileType = sourcecode.swift; path = Extensions.swift; sourceTree = "<group>"; };
		DAA22F7D2AC30370003D5347 /* FeedCell.swift */ = {isa = PBXFileReference; lastKnownFileType = sourcecode.swift; path = FeedCell.swift; sourceTree = "<group>"; };
		DAA22F7F2AC31364003D5347 /* Info.plist */ = {isa = PBXFileReference; lastKnownFileType = text.plist; path = Info.plist; sourceTree = "<group>"; };
		DAA22F812AC319A6003D5347 /* SearchBar.swift */ = {isa = PBXFileReference; lastKnownFileType = sourcecode.swift; path = SearchBar.swift; sourceTree = "<group>"; };
		DAA22F852AC324DA003D5347 /* CharacterPageView.swift */ = {isa = PBXFileReference; lastKnownFileType = sourcecode.swift; path = CharacterPageView.swift; sourceTree = "<group>"; };
		DADC7A082AC45ABB00A1C45B /* NetworkMonitor.swift */ = {isa = PBXFileReference; lastKnownFileType = sourcecode.swift; path = NetworkMonitor.swift; sourceTree = "<group>"; };
/* End PBXFileReference section */

/* Begin PBXFrameworksBuildPhase section */
		DAA22F532AC2C505003D5347 /* Frameworks */ = {
			isa = PBXFrameworksBuildPhase;
			buildActionMask = 2147483647;
			files = (
				DAA22F712AC2D69F003D5347 /* Kingfisher in Frameworks */,
				DAA22F742AC2D75C003D5347 /* Alamofire in Frameworks */,
			);
			runOnlyForDeploymentPostprocessing = 0;
		};
/* End PBXFrameworksBuildPhase section */

/* Begin PBXGroup section */
		DAA22F4D2AC2C505003D5347 = {
			isa = PBXGroup;
			children = (
				DAA22F582AC2C505003D5347 /* MarvelSwiftUI */,
				DAA22F572AC2C505003D5347 /* Products */,
			);
			sourceTree = "<group>";
		};
		DAA22F572AC2C505003D5347 /* Products */ = {
			isa = PBXGroup;
			children = (
				DAA22F562AC2C505003D5347 /* MarvelSwiftUI.app */,
			);
			name = Products;
			sourceTree = "<group>";
		};
		DAA22F582AC2C505003D5347 /* MarvelSwiftUI */ = {
			isa = PBXGroup;
			children = (
				DAA22F7F2AC31364003D5347 /* Info.plist */,
				DAA22F592AC2C505003D5347 /* MarvelSwiftUIApp.swift */,
				DAA22F7B2AC2E50E003D5347 /* Feed */,
				DAA22F842AC3229D003D5347 /* CharacterPage */,
				DAA22F772AC2DEFA003D5347 /* Const.swift */,
				DAA22F792AC2E281003D5347 /* Extensions.swift */,
				DADC7A082AC45ABB00A1C45B /* NetworkMonitor.swift */,
				DAA22F5D2AC2C507003D5347 /* Assets.xcassets */,
				DAA22F5F2AC2C507003D5347 /* Preview Content */,
			);
			path = MarvelSwiftUI;
			sourceTree = "<group>";
		};
		DAA22F5F2AC2C507003D5347 /* Preview Content */ = {
			isa = PBXGroup;
			children = (
				DAA22F602AC2C507003D5347 /* Preview Assets.xcassets */,
			);
			path = "Preview Content";
			sourceTree = "<group>";
		};
		DAA22F7B2AC2E50E003D5347 /* Feed */ = {
			isa = PBXGroup;
			children = (
				DAA22F802AC3198F003D5347 /* SearchBar */,
				DAA22F7C2AC3035A003D5347 /* FeedCell */,
				DAA22F672AC2C542003D5347 /* FeedViewModel.swift */,
				DAA22F5B2AC2C505003D5347 /* FeedView.swift */,
				DAA22F692AC2C54C003D5347 /* Model.swift */,
			);
			path = Feed;
			sourceTree = "<group>";
		};
		DAA22F7C2AC3035A003D5347 /* FeedCell */ = {
			isa = PBXGroup;
			children = (
				DAA22F7D2AC30370003D5347 /* FeedCell.swift */,
			);
			path = FeedCell;
			sourceTree = "<group>";
		};
		DAA22F802AC3198F003D5347 /* SearchBar */ = {
			isa = PBXGroup;
			children = (
				DAA22F812AC319A6003D5347 /* SearchBar.swift */,
			);
			path = SearchBar;
			sourceTree = "<group>";
		};
		DAA22F842AC3229D003D5347 /* CharacterPage */ = {
			isa = PBXGroup;
			children = (
				DAA22F852AC324DA003D5347 /* CharacterPageView.swift */,
			);
			path = CharacterPage;
			sourceTree = "<group>";
		};
/* End PBXGroup section */

/* Begin PBXNativeTarget section */
		DAA22F552AC2C505003D5347 /* MarvelSwiftUI */ = {
			isa = PBXNativeTarget;
			buildConfigurationList = DAA22F642AC2C507003D5347 /* Build configuration list for PBXNativeTarget "MarvelSwiftUI" */;
			buildPhases = (
				DAA22F522AC2C505003D5347 /* Sources */,
				DAA22F532AC2C505003D5347 /* Frameworks */,
				DAA22F542AC2C505003D5347 /* Resources */,
			);
			buildRules = (
			);
			dependencies = (
			);
			name = MarvelSwiftUI;
			packageProductDependencies = (
				DAA22F702AC2D69F003D5347 /* Kingfisher */,
				DAA22F732AC2D75C003D5347 /* Alamofire */,
			);
			productName = MarvelSwiftUI;
			productReference = DAA22F562AC2C505003D5347 /* MarvelSwiftUI.app */;
			productType = "com.apple.product-type.application";
		};
/* End PBXNativeTarget section */

/* Begin PBXProject section */
		DAA22F4E2AC2C505003D5347 /* Project object */ = {
			isa = PBXProject;
			attributes = {
				BuildIndependentTargetsInParallel = 1;
				LastSwiftUpdateCheck = 1500;
				LastUpgradeCheck = 1500;
				TargetAttributes = {
					DAA22F552AC2C505003D5347 = {
						CreatedOnToolsVersion = 15.0;
					};
				};
			};
			buildConfigurationList = DAA22F512AC2C505003D5347 /* Build configuration list for PBXProject "MarvelSwiftUI" */;
			compatibilityVersion = "Xcode 14.0";
			developmentRegion = en;
			hasScannedForEncodings = 0;
			knownRegions = (
				en,
				Base,
			);
			mainGroup = DAA22F4D2AC2C505003D5347;
			packageReferences = (
				DAA22F6F2AC2D69E003D5347 /* XCRemoteSwiftPackageReference "Kingfisher" */,
				DAA22F722AC2D75C003D5347 /* XCRemoteSwiftPackageReference "Alamofire" */,
			);
			productRefGroup = DAA22F572AC2C505003D5347 /* Products */;
			projectDirPath = "";
			projectRoot = "";
			targets = (
				DAA22F552AC2C505003D5347 /* MarvelSwiftUI */,
			);
		};
/* End PBXProject section */

/* Begin PBXResourcesBuildPhase section */
		DAA22F542AC2C505003D5347 /* Resources */ = {
			isa = PBXResourcesBuildPhase;
			buildActionMask = 2147483647;
			files = (
				DAA22F612AC2C507003D5347 /* Preview Assets.xcassets in Resources */,
				DAA22F5E2AC2C507003D5347 /* Assets.xcassets in Resources */,
			);
			runOnlyForDeploymentPostprocessing = 0;
		};
/* End PBXResourcesBuildPhase section */

/* Begin PBXSourcesBuildPhase section */
		DAA22F522AC2C505003D5347 /* Sources */ = {
			isa = PBXSourcesBuildPhase;
			buildActionMask = 2147483647;
			files = (
				DAA22F7E2AC30370003D5347 /* FeedCell.swift in Sources */,
				DAA22F5C2AC2C505003D5347 /* FeedView.swift in Sources */,
				DAA22F822AC319A6003D5347 /* SearchBar.swift in Sources */,
				DAA22F7A2AC2E281003D5347 /* Extensions.swift in Sources */,
				DAA22F5A2AC2C505003D5347 /* MarvelSwiftUIApp.swift in Sources */,
				DAA22F682AC2C542003D5347 /* FeedViewModel.swift in Sources */,
				DAA22F6A2AC2C54C003D5347 /* Model.swift in Sources */,
				DADC7A092AC45ABB00A1C45B /* NetworkMonitor.swift in Sources */,
				DAA22F862AC324DA003D5347 /* CharacterPageView.swift in Sources */,
				DAA22F782AC2DEFA003D5347 /* Const.swift in Sources */,
			);
			runOnlyForDeploymentPostprocessing = 0;
		};
/* End PBXSourcesBuildPhase section */

/* Begin XCBuildConfiguration section */
		DAA22F622AC2C507003D5347 /* Debug */ = {
			isa = XCBuildConfiguration;
			buildSettings = {
				ALWAYS_SEARCH_USER_PATHS = NO;
				ASSETCATALOG_COMPILER_GENERATE_SWIFT_ASSET_SYMBOL_EXTENSIONS = YES;
				CLANG_ANALYZER_NONNULL = YES;
				CLANG_ANALYZER_NUMBER_OBJECT_CONVERSION = YES_AGGRESSIVE;
				CLANG_CXX_LANGUAGE_STANDARD = "gnu++20";
				CLANG_ENABLE_MODULES = YES;
				CLANG_ENABLE_OBJC_ARC = YES;
				CLANG_ENABLE_OBJC_WEAK = YES;
				CLANG_WARN_BLOCK_CAPTURE_AUTORELEASING = YES;
				CLANG_WARN_BOOL_CONVERSION = YES;
				CLANG_WARN_COMMA = YES;
				CLANG_WARN_CONSTANT_CONVERSION = YES;
				CLANG_WARN_DEPRECATED_OBJC_IMPLEMENTATIONS = YES;
				CLANG_WARN_DIRECT_OBJC_ISA_USAGE = YES_ERROR;
				CLANG_WARN_DOCUMENTATION_COMMENTS = YES;
				CLANG_WARN_EMPTY_BODY = YES;
				CLANG_WARN_ENUM_CONVERSION = YES;
				CLANG_WARN_INFINITE_RECURSION = YES;
				CLANG_WARN_INT_CONVERSION = YES;
				CLANG_WARN_NON_LITERAL_NULL_CONVERSION = YES;
				CLANG_WARN_OBJC_IMPLICIT_RETAIN_SELF = YES;
				CLANG_WARN_OBJC_LITERAL_CONVERSION = YES;
				CLANG_WARN_OBJC_ROOT_CLASS = YES_ERROR;
				CLANG_WARN_QUOTED_INCLUDE_IN_FRAMEWORK_HEADER = YES;
				CLANG_WARN_RANGE_LOOP_ANALYSIS = YES;
				CLANG_WARN_STRICT_PROTOTYPES = YES;
				CLANG_WARN_SUSPICIOUS_MOVE = YES;
				CLANG_WARN_UNGUARDED_AVAILABILITY = YES_AGGRESSIVE;
				CLANG_WARN_UNREACHABLE_CODE = YES;
				CLANG_WARN__DUPLICATE_METHOD_MATCH = YES;
				COPY_PHASE_STRIP = NO;
				DEBUG_INFORMATION_FORMAT = dwarf;
				ENABLE_STRICT_OBJC_MSGSEND = YES;
				ENABLE_TESTABILITY = YES;
				ENABLE_USER_SCRIPT_SANDBOXING = YES;
				GCC_C_LANGUAGE_STANDARD = gnu17;
				GCC_DYNAMIC_NO_PIC = NO;
				GCC_NO_COMMON_BLOCKS = YES;
				GCC_OPTIMIZATION_LEVEL = 0;
				GCC_PREPROCESSOR_DEFINITIONS = (
					"DEBUG=1",
					"$(inherited)",
				);
				GCC_WARN_64_TO_32_BIT_CONVERSION = YES;
				GCC_WARN_ABOUT_RETURN_TYPE = YES_ERROR;
				GCC_WARN_UNDECLARED_SELECTOR = YES;
				GCC_WARN_UNINITIALIZED_AUTOS = YES_AGGRESSIVE;
				GCC_WARN_UNUSED_FUNCTION = YES;
				GCC_WARN_UNUSED_VARIABLE = YES;
				IPHONEOS_DEPLOYMENT_TARGET = 16.0;
				LOCALIZATION_PREFERS_STRING_CATALOGS = YES;
				MTL_ENABLE_DEBUG_INFO = INCLUDE_SOURCE;
				MTL_FAST_MATH = YES;
				ONLY_ACTIVE_ARCH = YES;
				SDKROOT = iphoneos;
				SWIFT_ACTIVE_COMPILATION_CONDITIONS = "DEBUG $(inherited)";
				SWIFT_OPTIMIZATION_LEVEL = "-Onone";
			};
			name = Debug;
		};
		DAA22F632AC2C507003D5347 /* Release */ = {
			isa = XCBuildConfiguration;
			buildSettings = {
				ALWAYS_SEARCH_USER_PATHS = NO;
				ASSETCATALOG_COMPILER_GENERATE_SWIFT_ASSET_SYMBOL_EXTENSIONS = YES;
				CLANG_ANALYZER_NONNULL = YES;
				CLANG_ANALYZER_NUMBER_OBJECT_CONVERSION = YES_AGGRESSIVE;
				CLANG_CXX_LANGUAGE_STANDARD = "gnu++20";
				CLANG_ENABLE_MODULES = YES;
				CLANG_ENABLE_OBJC_ARC = YES;
				CLANG_ENABLE_OBJC_WEAK = YES;
				CLANG_WARN_BLOCK_CAPTURE_AUTORELEASING = YES;
				CLANG_WARN_BOOL_CONVERSION = YES;
				CLANG_WARN_COMMA = YES;
				CLANG_WARN_CONSTANT_CONVERSION = YES;
				CLANG_WARN_DEPRECATED_OBJC_IMPLEMENTATIONS = YES;
				CLANG_WARN_DIRECT_OBJC_ISA_USAGE = YES_ERROR;
				CLANG_WARN_DOCUMENTATION_COMMENTS = YES;
				CLANG_WARN_EMPTY_BODY = YES;
				CLANG_WARN_ENUM_CONVERSION = YES;
				CLANG_WARN_INFINITE_RECURSION = YES;
				CLANG_WARN_INT_CONVERSION = YES;
				CLANG_WARN_NON_LITERAL_NULL_CONVERSION = YES;
				CLANG_WARN_OBJC_IMPLICIT_RETAIN_SELF = YES;
				CLANG_WARN_OBJC_LITERAL_CONVERSION = YES;
				CLANG_WARN_OBJC_ROOT_CLASS = YES_ERROR;
				CLANG_WARN_QUOTED_INCLUDE_IN_FRAMEWORK_HEADER = YES;
				CLANG_WARN_RANGE_LOOP_ANALYSIS = YES;
				CLANG_WARN_STRICT_PROTOTYPES = YES;
				CLANG_WARN_SUSPICIOUS_MOVE = YES;
				CLANG_WARN_UNGUARDED_AVAILABILITY = YES_AGGRESSIVE;
				CLANG_WARN_UNREACHABLE_CODE = YES;
				CLANG_WARN__DUPLICATE_METHOD_MATCH = YES;
				COPY_PHASE_STRIP = NO;
				DEBUG_INFORMATION_FORMAT = "dwarf-with-dsym";
				ENABLE_NS_ASSERTIONS = NO;
				ENABLE_STRICT_OBJC_MSGSEND = YES;
				ENABLE_USER_SCRIPT_SANDBOXING = YES;
				GCC_C_LANGUAGE_STANDARD = gnu17;
				GCC_NO_COMMON_BLOCKS = YES;
				GCC_WARN_64_TO_32_BIT_CONVERSION = YES;
				GCC_WARN_ABOUT_RETURN_TYPE = YES_ERROR;
				GCC_WARN_UNDECLARED_SELECTOR = YES;
				GCC_WARN_UNINITIALIZED_AUTOS = YES_AGGRESSIVE;
				GCC_WARN_UNUSED_FUNCTION = YES;
				GCC_WARN_UNUSED_VARIABLE = YES;
				IPHONEOS_DEPLOYMENT_TARGET = 16.0;
				LOCALIZATION_PREFERS_STRING_CATALOGS = YES;
				MTL_ENABLE_DEBUG_INFO = NO;
				MTL_FAST_MATH = YES;
				SDKROOT = iphoneos;
				SWIFT_COMPILATION_MODE = wholemodule;
				VALIDATE_PRODUCT = YES;
			};
			name = Release;
		};
		DAA22F652AC2C507003D5347 /* Debug */ = {
			isa = XCBuildConfiguration;
			buildSettings = {
				ASSETCATALOG_COMPILER_APPICON_NAME = AppIcon;
				ASSETCATALOG_COMPILER_GLOBAL_ACCENT_COLOR_NAME = AccentColor;
				CODE_SIGN_STYLE = Automatic;
				CURRENT_PROJECT_VERSION = 1;
				DEVELOPMENT_ASSET_PATHS = "\"MarvelSwiftUI/Preview Content\"";
				DEVELOPMENT_TEAM = U5279PG82X;
				ENABLE_PREVIEWS = YES;
				GENERATE_INFOPLIST_FILE = YES;
				INFOPLIST_FILE = MarvelSwiftUI/Info.plist;
				INFOPLIST_KEY_UIApplicationSceneManifest_Generation = YES;
				INFOPLIST_KEY_UIApplicationSupportsIndirectInputEvents = YES;
				INFOPLIST_KEY_UILaunchScreen_Generation = YES;
				INFOPLIST_KEY_UISupportedInterfaceOrientations_iPad = "UIInterfaceOrientationPortrait UIInterfaceOrientationPortraitUpsideDown UIInterfaceOrientationLandscapeLeft UIInterfaceOrientationLandscapeRight";
				INFOPLIST_KEY_UISupportedInterfaceOrientations_iPhone = "UIInterfaceOrientationPortrait UIInterfaceOrientationLandscapeLeft UIInterfaceOrientationLandscapeRight";
				LD_RUNPATH_SEARCH_PATHS = (
					"$(inherited)",
					"@executable_path/Frameworks",
				);
				MARKETING_VERSION = 1.0;
				PRODUCT_BUNDLE_IDENTIFIER = "egor-test.MarvelSwiftUI";
				PRODUCT_NAME = "$(TARGET_NAME)";
				SWIFT_EMIT_LOC_STRINGS = YES;
				SWIFT_VERSION = 5.0;
				TARGETED_DEVICE_FAMILY = "1,2";
			};
			name = Debug;
		};
		DAA22F662AC2C507003D5347 /* Release */ = {
			isa = XCBuildConfiguration;
			buildSettings = {
				ASSETCATALOG_COMPILER_APPICON_NAME = AppIcon;
				ASSETCATALOG_COMPILER_GLOBAL_ACCENT_COLOR_NAME = AccentColor;
				CODE_SIGN_STYLE = Automatic;
				CURRENT_PROJECT_VERSION = 1;
				DEVELOPMENT_ASSET_PATHS = "\"MarvelSwiftUI/Preview Content\"";
				DEVELOPMENT_TEAM = U5279PG82X;
				ENABLE_PREVIEWS = YES;
				GENERATE_INFOPLIST_FILE = YES;
				INFOPLIST_FILE = MarvelSwiftUI/Info.plist;
				INFOPLIST_KEY_UIApplicationSceneManifest_Generation = YES;
				INFOPLIST_KEY_UIApplicationSupportsIndirectInputEvents = YES;
				INFOPLIST_KEY_UILaunchScreen_Generation = YES;
				INFOPLIST_KEY_UISupportedInterfaceOrientations_iPad = "UIInterfaceOrientationPortrait UIInterfaceOrientationPortraitUpsideDown UIInterfaceOrientationLandscapeLeft UIInterfaceOrientationLandscapeRight";
				INFOPLIST_KEY_UISupportedInterfaceOrientations_iPhone = "UIInterfaceOrientationPortrait UIInterfaceOrientationLandscapeLeft UIInterfaceOrientationLandscapeRight";
				LD_RUNPATH_SEARCH_PATHS = (
					"$(inherited)",
					"@executable_path/Frameworks",
				);
				MARKETING_VERSION = 1.0;
				PRODUCT_BUNDLE_IDENTIFIER = "egor-test.MarvelSwiftUI";
				PRODUCT_NAME = "$(TARGET_NAME)";
				SWIFT_EMIT_LOC_STRINGS = YES;
				SWIFT_VERSION = 5.0;
				TARGETED_DEVICE_FAMILY = "1,2";
			};
			name = Release;
		};
/* End XCBuildConfiguration section */

/* Begin XCConfigurationList section */
		DAA22F512AC2C505003D5347 /* Build configuration list for PBXProject "MarvelSwiftUI" */ = {
			isa = XCConfigurationList;
			buildConfigurations = (
				DAA22F622AC2C507003D5347 /* Debug */,
				DAA22F632AC2C507003D5347 /* Release */,
			);
			defaultConfigurationIsVisible = 0;
			defaultConfigurationName = Release;
		};
		DAA22F642AC2C507003D5347 /* Build configuration list for PBXNativeTarget "MarvelSwiftUI" */ = {
			isa = XCConfigurationList;
			buildConfigurations = (
				DAA22F652AC2C507003D5347 /* Debug */,
				DAA22F662AC2C507003D5347 /* Release */,
			);
			defaultConfigurationIsVisible = 0;
			defaultConfigurationName = Release;
		};
/* End XCConfigurationList section */

/* Begin XCRemoteSwiftPackageReference section */
		DAA22F6F2AC2D69E003D5347 /* XCRemoteSwiftPackageReference "Kingfisher" */ = {
			isa = XCRemoteSwiftPackageReference;
			repositoryURL = "https://github.com/onevcat/Kingfisher.git";
			requirement = {
				kind = upToNextMajorVersion;
				minimumVersion = 7.9.1;
			};
		};
		DAA22F722AC2D75C003D5347 /* XCRemoteSwiftPackageReference "Alamofire" */ = {
			isa = XCRemoteSwiftPackageReference;
			repositoryURL = "https://github.com/Alamofire/Alamofire.git";
			requirement = {
				kind = upToNextMajorVersion;
				minimumVersion = 5.8.0;
			};
		};
/* End XCRemoteSwiftPackageReference section */

/* Begin XCSwiftPackageProductDependency section */
		DAA22F702AC2D69F003D5347 /* Kingfisher */ = {
			isa = XCSwiftPackageProductDependency;
			package = DAA22F6F2AC2D69E003D5347 /* XCRemoteSwiftPackageReference "Kingfisher" */;
			productName = Kingfisher;
		};
		DAA22F732AC2D75C003D5347 /* Alamofire */ = {
			isa = XCSwiftPackageProductDependency;
			package = DAA22F722AC2D75C003D5347 /* XCRemoteSwiftPackageReference "Alamofire" */;
			productName = Alamofire;
		};
/* End XCSwiftPackageProductDependency section */
	};
	rootObject = DAA22F4E2AC2C505003D5347 /* Project object */;
}
